// !$*UTF8*$!
{
	archiveVersion = 1;
	classes = {
	};
	objectVersion = 46;
	objects = {

/* Begin PBXBuildFile section */
		7DFF91A81CD74A9000E8DA98 /* AppDelegate.swift in Sources */ = {isa = PBXBuildFile; fileRef = 7DFF91A71CD74A9000E8DA98 /* AppDelegate.swift */; };
		7DFF91AA1CD74A9000E8DA98 /* ViewController.swift in Sources */ = {isa = PBXBuildFile; fileRef = 7DFF91A91CD74A9000E8DA98 /* ViewController.swift */; };
		7DFF91AD1CD74A9000E8DA98 /* Main.storyboard in Resources */ = {isa = PBXBuildFile; fileRef = 7DFF91AB1CD74A9000E8DA98 /* Main.storyboard */; };
		7DFF91AF1CD74A9000E8DA98 /* Assets.xcassets in Resources */ = {isa = PBXBuildFile; fileRef = 7DFF91AE1CD74A9000E8DA98 /* Assets.xcassets */; };
		7DFF91B21CD74A9000E8DA98 /* LaunchScreen.storyboard in Resources */ = {isa = PBXBuildFile; fileRef = 7DFF91B01CD74A9000E8DA98 /* LaunchScreen.storyboard */; };
		7DFF91BA1CD7529A00E8DA98 /* TaxCalculatorModel.swift in Sources */ = {isa = PBXBuildFile; fileRef = 7DFF91B91CD7529A00E8DA98 /* TaxCalculatorModel.swift */; };
/* End PBXBuildFile section */

/* Begin PBXFileReference section */
		7DFF91A41CD74A9000E8DA98 /* TaxCalc.app */ = {isa = PBXFileReference; explicitFileType = wrapper.application; includeInIndex = 0; path = TaxCalc.app; sourceTree = BUILT_PRODUCTS_DIR; };
		7DFF91A71CD74A9000E8DA98 /* AppDelegate.swift */ = {isa = PBXFileReference; lastKnownFileType = sourcecode.swift; path = AppDelegate.swift; sourceTree = "<group>"; };
		7DFF91A91CD74A9000E8DA98 /* ViewController.swift */ = {isa = PBXFileReference; lastKnownFileType = sourcecode.swift; path = ViewController.swift; sourceTree = "<group>"; };
		7DFF91AC1CD74A9000E8DA98 /* Base */ = {isa = PBXFileReference; lastKnownFileType = file.storyboard; name = Base; path = Base.lproj/Main.storyboard; sourceTree = "<group>"; };
		7DFF91AE1CD74A9000E8DA98 /* Assets.xcassets */ = {isa = PBXFileReference; lastKnownFileType = folder.assetcatalog; path = Assets.xcassets; sourceTree = "<group>"; };
		7DFF91B11CD74A9000E8DA98 /* Base */ = {isa = PBXFileReference; lastKnownFileType = file.storyboard; name = Base; path = Base.lproj/LaunchScreen.storyboard; sourceTree = "<group>"; };
		7DFF91B31CD74A9000E8DA98 /* Info.plist */ = {isa = PBXFileReference; lastKnownFileType = text.plist.xml; path = Info.plist; sourceTree = "<group>"; };
		7DFF91B91CD7529A00E8DA98 /* TaxCalculatorModel.swift */ = {isa = PBXFileReference; fileEncoding = 4; lastKnownFileType = sourcecode.swift; path = TaxCalculatorModel.swift; sourceTree = "<group>"; };
/* End PBXFileReference section */

/* Begin PBXFrameworksBuildPhase section */
		7DFF91A11CD74A9000E8DA98 /* Frameworks */ = {
			isa = PBXFrameworksBuildPhase;
			buildActionMask = 2147483647;
			files = (
			);
			runOnlyForDeploymentPostprocessing = 0;
		};
/* End PBXFrameworksBuildPhase section */

/* Begin PBXGroup section */
		717E1D2B5DC35673F16AA96F /* Pods */ = {
			isa = PBXGroup;
			children = (
			);
			name = Pods;
			sourceTree = "<group>";
		};
		7DFF919B1CD74A9000E8DA98 = {
			isa = PBXGroup;
			children = (
				7DFF91A61CD74A9000E8DA98 /* TaxCalc */,
				7DFF91A51CD74A9000E8DA98 /* Products */,
				717E1D2B5DC35673F16AA96F /* Pods */,
				880216E6EF2F217B8208C9F7 /* Frameworks */,
			);
			sourceTree = "<group>";
		};
		7DFF91A51CD74A9000E8DA98 /* Products */ = {
			isa = PBXGroup;
			children = (
				7DFF91A41CD74A9000E8DA98 /* TaxCalc.app */,
			);
			name = Products;
			sourceTree = "<group>";
		};
		7DFF91A61CD74A9000E8DA98 /* TaxCalc */ = {
			isa = PBXGroup;
			children = (
				7DFF91A71CD74A9000E8DA98 /* AppDelegate.swift */,
				7DFF91A91CD74A9000E8DA98 /* ViewController.swift */,
				7DFF91AB1CD74A9000E8DA98 /* Main.storyboard */,
				7DFF91B91CD7529A00E8DA98 /* TaxCalculatorModel.swift */,
				7DFF91AE1CD74A9000E8DA98 /* Assets.xcassets */,
				7DFF91B01CD74A9000E8DA98 /* LaunchScreen.storyboard */,
				7DFF91B31CD74A9000E8DA98 /* Info.plist */,
			);
			path = TaxCalc;
			sourceTree = "<group>";
		};
		880216E6EF2F217B8208C9F7 /* Frameworks */ = {
			isa = PBXGroup;
			children = (
			);
			name = Frameworks;
			sourceTree = "<group>";
		};
/* End PBXGroup section */

/* Begin PBXNativeTarget section */
		7DFF91A31CD74A9000E8DA98 /* TaxCalc */ = {
			isa = PBXNativeTarget;
			buildConfigurationList = 7DFF91B61CD74A9000E8DA98 /* Build configuration list for PBXNativeTarget "TaxCalc" */;
			buildPhases = (
				7DFF91A01CD74A9000E8DA98 /* Sources */,
				7DFF91A11CD74A9000E8DA98 /* Frameworks */,
				7DFF91A21CD74A9000E8DA98 /* Resources */,
			);
			buildRules = (
			);
			dependencies = (
			);
			name = TaxCalc;
			productName = TaxCalc;
			productReference = 7DFF91A41CD74A9000E8DA98 /* TaxCalc.app */;
			productType = "com.apple.product-type.application";
		};
/* End PBXNativeTarget section */

/* Begin PBXProject section */
		7DFF919C1CD74A9000E8DA98 /* Project object */ = {
			isa = PBXProject;
			attributes = {
				LastSwiftUpdateCheck = 0720;
				LastUpgradeCheck = 0720;
				ORGANIZATIONNAME = Nayed;
				TargetAttributes = {
					7DFF91A31CD74A9000E8DA98 = {
						CreatedOnToolsVersion = 7.2.1;
					};
				};
			};
			buildConfigurationList = 7DFF919F1CD74A9000E8DA98 /* Build configuration list for PBXProject "TaxCalc" */;
			compatibilityVersion = "Xcode 3.2";
			developmentRegion = English;
			hasScannedForEncodings = 0;
			knownRegions = (
				en,
				Base,
			);
			mainGroup = 7DFF919B1CD74A9000E8DA98;
			productRefGroup = 7DFF91A51CD74A9000E8DA98 /* Products */;
			projectDirPath = "";
			projectRoot = "";
			targets = (
				7DFF91A31CD74A9000E8DA98 /* TaxCalc */,
			);
		};
/* End PBXProject section */

/* Begin PBXResourcesBuildPhase section */
		7DFF91A21CD74A9000E8DA98 /* Resources */ = {
			isa = PBXResourcesBuildPhase;
			buildActionMask = 2147483647;
			files = (
				7DFF91B21CD74A9000E8DA98 /* LaunchScreen.storyboard in Resources */,
				7DFF91AF1CD74A9000E8DA98 /* Assets.xcassets in Resources */,
				7DFF91AD1CD74A9000E8DA98 /* Main.storyboard in Resources */,
			);
			runOnlyForDeploymentPostprocessing = 0;
		};
/* End PBXResourcesBuildPhase section */

/* Begin PBXSourcesBuildPhase section */
		7DFF91A01CD74A9000E8DA98 /* Sources */ = {
			isa = PBXSourcesBuildPhase;
			buildActionMask = 2147483647;
			files = (
				7DFF91AA1CD74A9000E8DA98 /* ViewController.swift in Sources */,
				7DFF91A81CD74A9000E8DA98 /* AppDelegate.swift in Sources */,
				7DFF91BA1CD7529A00E8DA98 /* TaxCalculatorModel.swift in Sources */,
			);
			runOnlyForDeploymentPostprocessing = 0;
		};
/* End PBXSourcesBuildPhase section */

/* Begin PBXVariantGroup section */
		7DFF91AB1CD74A9000E8DA98 /* Main.storyboard */ = {
			isa = PBXVariantGroup;
			children = (
				7DFF91AC1CD74A9000E8DA98 /* Base */,
			);
			name = Main.storyboard;
			sourceTree = "<group>";
		};
		7DFF91B01CD74A9000E8DA98 /* LaunchScreen.storyboard */ = {
			isa = PBXVariantGroup;
			children = (
				7DFF91B11CD74A9000E8DA98 /* Base */,
			);
			name = LaunchScreen.storyboard;
			sourceTree = "<group>";
		};
/* End PBXVariantGroup section */

/* Begin XCBuildConfiguration section */
		7DFF91B41CD74A9000E8DA98 /* Debug */ = {
			isa = XCBuildConfiguration;
			buildSettings = {
				ALWAYS_SEARCH_USER_PATHS = NO;
				CLANG_CXX_LANGUAGE_STANDARD = "gnu++0x";
				CLANG_CXX_LIBRARY = "libc++";
				CLANG_ENABLE_MODULES = YES;
				CLANG_ENABLE_OBJC_ARC = YES;
				CLANG_WARN_BOOL_CONVERSION = YES;
				CLANG_WARN_CONSTANT_CONVERSION = YES;
				CLANG_WARN_DIRECT_OBJC_ISA_USAGE = YES_ERROR;
				CLANG_WARN_EMPTY_BODY = YES;
				CLANG_WARN_ENUM_CONVERSION = YES;
				CLANG_WARN_INT_CONVERSION = YES;
				CLANG_WARN_OBJC_ROOT_CLASS = YES_ERROR;
				CLANG_WARN_UNREACHABLE_CODE = YES;
				CLANG_WARN__DUPLICATE_METHOD_MATCH = YES;
				"CODE_SIGN_IDENTITY[sdk=iphoneos*]" = "iPhone Developer";
				COPY_PHASE_STRIP = NO;
				DEBUG_INFORMATION_FORMAT = dwarf;
				ENABLE_STRICT_OBJC_MSGSEND = YES;
				ENABLE_TESTABILITY = YES;
				GCC_C_LANGUAGE_STANDARD = gnu99;
				GCC_DYNAMIC_NO_PIC = NO;
				GCC_NO_COMMON_BLOCKS = YES;
				GCC_OPTIMIZATION_LEVEL = 0;
				GCC_PREPROCESSOR_DEFINITIONS = (
					"DEBUG=1",
					"$(inherited)",
				);
				GCC_WARN_64_TO_32_BIT_CONVERSION = YES;
				GCC_WARN_ABOUT_RETURN_TYPE = YES_ERROR;
				GCC_WARN_UNDECLARED_SELECTOR = YES;
				GCC_WARN_UNINITIALIZED_AUTOS = YES_AGGRESSIVE;
				GCC_WARN_UNUSED_FUNCTION = YES;
				GCC_WARN_UNUSED_VARIABLE = YES;
				IPHONEOS_DEPLOYMENT_TARGET = 9.2;
				MTL_ENABLE_DEBUG_INFO = YES;
				ONLY_ACTIVE_ARCH = YES;
				SDKROOT = iphoneos;
				SWIFT_OPTIMIZATION_LEVEL = "-Onone";
			};
			name = Debug;
		};
		7DFF91B51CD74A9000E8DA98 /* Release */ = {
			isa = XCBuildConfiguration;
			buildSettings = {
				ALWAYS_SEARCH_USER_PATHS = NO;
				CLANG_CXX_LANGUAGE_STANDARD = "gnu++0x";
				CLANG_CXX_LIBRARY = "libc++";
				CLANG_ENABLE_MODULES = YES;
				CLANG_ENABLE_OBJC_ARC = YES;
				CLANG_WARN_BOOL_CONVERSION = YES;
				CLANG_WARN_CONSTANT_CONVERSION = YES;
				CLANG_WARN_DIRECT_OBJC_ISA_USAGE = YES_ERROR;
				CLANG_WARN_EMPTY_BODY = YES;
				CLANG_WARN_ENUM_CONVERSION = YES;
				CLANG_WARN_INT_CONVERSION = YES;
				CLANG_WARN_OBJC_ROOT_CLASS = YES_ERROR;
				CLANG_WARN_UNREACHABLE_CODE = YES;
				CLANG_WARN__DUPLICATE_METHOD_MATCH = YES;
				"CODE_SIGN_IDENTITY[sdk=iphoneos*]" = "iPhone Developer";
				COPY_PHASE_STRIP = NO;
				DEBUG_INFORMATION_FORMAT = "dwarf-with-dsym";
				ENABLE_NS_ASSERTIONS = NO;
				ENABLE_STRICT_OBJC_MSGSEND = YES;
				GCC_C_LANGUAGE_STANDARD = gnu99;
				GCC_NO_COMMON_BLOCKS = YES;
				GCC_WARN_64_TO_32_BIT_CONVERSION = YES;
				GCC_WARN_ABOUT_RETURN_TYPE = YES_ERROR;
				GCC_WARN_UNDECLARED_SELECTOR = YES;
				GCC_WARN_UNINITIALIZED_AUTOS = YES_AGGRESSIVE;
				GCC_WARN_UNUSED_FUNCTION = YES;
				GCC_WARN_UNUSED_VARIABLE = YES;
				IPHONEOS_DEPLOYMENT_TARGET = 9.2;
				MTL_ENABLE_DEBUG_INFO = NO;
				SDKROOT = iphoneos;
				VALIDATE_PRODUCT = YES;
			};
			name = Release;
		};
		7DFF91B71CD74A9000E8DA98 /* Debug */ = {
			isa = XCBuildConfiguration;
			buildSettings = {
				ASSETCATALOG_COMPILER_APPICON_NAME = AppIcon;
				INFOPLIST_FILE = TaxCalc/Info.plist;
				LD_RUNPATH_SEARCH_PATHS = "$(inherited) @executable_path/Frameworks";
				PRODUCT_BUNDLE_IDENTIFIER = Nayed.TaxCalc;
				PRODUCT_NAME = "$(TARGET_NAME)";
				TARGETED_DEVICE_FAMILY = 1;
			};
			name = Debug;
		};
		7DFF91B81CD74A9000E8DA98 /* Release */ = {
			isa = XCBuildConfiguration;
			buildSettings = {
				ASSETCATALOG_COMPILER_APPICON_NAME = AppIcon;
				INFOPLIST_FILE = TaxCalc/Info.plist;
				LD_RUNPATH_SEARCH_PATHS = "$(inherited) @executable_path/Frameworks";
				PRODUCT_BUNDLE_IDENTIFIER = Nayed.TaxCalc;
				PRODUCT_NAME = "$(TARGET_NAME)";
				TARGETED_DEVICE_FAMILY = 1;
			};
			name = Release;
		};
/* End XCBuildConfiguration section */

/* Begin XCConfigurationList section */
		7DFF919F1CD74A9000E8DA98 /* Build configuration list for PBXProject "TaxCalc" */ = {
			isa = XCConfigurationList;
			buildConfigurations = (
				7DFF91B41CD74A9000E8DA98 /* Debug */,
				7DFF91B51CD74A9000E8DA98 /* Release */,
			);
			defaultConfigurationIsVisible = 0;
			defaultConfigurationName = Release;
		};
		7DFF91B61CD74A9000E8DA98 /* Build configuration list for PBXNativeTarget "TaxCalc" */ = {
			isa = XCConfigurationList;
			buildConfigurations = (
				7DFF91B71CD74A9000E8DA98 /* Debug */,
				7DFF91B81CD74A9000E8DA98 /* Release */,
			);
			defaultConfigurationIsVisible = 0;
			defaultConfigurationName = Release;
		};
/* End XCConfigurationList section */
	};
	rootObject = 7DFF919C1CD74A9000E8DA98 /* Project object */;
}
